
Microsoft Visual Studio Solution File, Format Version 12.00
# Visual Studio 14
VisualStudioVersion = 14.0.25420.1
MinimumVisualStudioVersion = 10.0.40219.1
Project("{FAE04EC0-301F-11D3-BF4B-00C04F79EFBC}") = "BeverageSnack", "BeverageSnack\BeverageSnack.csproj", "{EF35A1D3-3C56-42E2-932C-46BD57E3DC94}"
EndProject
Global
	GlobalSection(SolutionConfigurationPlatforms) = preSolution
		Debug|Any CPU = Debug|Any CPU
		Release|Any CPU = Release|Any CPU
	EndGlobalSection
	GlobalSection(ProjectConfigurationPlatforms) = postSolution
		{EF35A1D3-3C56-42E2-932C-46BD57E3DC94}.Debug|Any CPU.ActiveCfg = Debug|Any CPU
		{EF35A1D3-3C56-42E2-932C-46BD57E3DC94}.Debug|Any CPU.Build.0 = Debug|Any CPU
		{EF35A1D3-3C56-42E2-932C-46BD57E3DC94}.Release|Any CPU.ActiveCfg = Release|Any CPU
		{EF35A1D3-3C56-42E2-932C-46BD57E3DC94}.Release|Any CPU.Build.0 = Release|Any CPU
	EndGlobalSection
	GlobalSection(SolutionProperties) = preSolution
		HideSolutionNode = FALSE
	EndGlobalSection
EndGlobal
